// !$*UTF8*$!
{
	archiveVersion = 1;
	classes = {
	};
	objectVersion = 50;
	objects = {

/* Begin PBXBuildFile section */
		F26163DB25565D9700542751 /* AppDelegate.swift in Sources */ = {isa = PBXBuildFile; fileRef = F26163DA25565D9700542751 /* AppDelegate.swift */; };
		F26163DD25565D9700542751 /* SceneDelegate.swift in Sources */ = {isa = PBXBuildFile; fileRef = F26163DC25565D9700542751 /* SceneDelegate.swift */; };
		F26163DF25565D9700542751 /* FirstPuzzleViewController.swift in Sources */ = {isa = PBXBuildFile; fileRef = F26163DE25565D9700542751 /* FirstPuzzleViewController.swift */; };
		F26163E225565D9700542751 /* Main.storyboard in Resources */ = {isa = PBXBuildFile; fileRef = F26163E025565D9700542751 /* Main.storyboard */; };
		F26163E425565D9800542751 /* Assets.xcassets in Resources */ = {isa = PBXBuildFile; fileRef = F26163E325565D9800542751 /* Assets.xcassets */; };
		F26163E725565D9800542751 /* LaunchScreen.storyboard in Resources */ = {isa = PBXBuildFile; fileRef = F26163E525565D9800542751 /* LaunchScreen.storyboard */; };
		F26163F525565E0200542751 /* FirstPuzzleViewModel.swift in Sources */ = {isa = PBXBuildFile; fileRef = F26163F425565E0200542751 /* FirstPuzzleViewModel.swift */; };
		F27AE768255B139100F10E06 /* UIViewExt+.swift in Sources */ = {isa = PBXBuildFile; fileRef = F27AE767255B139100F10E06 /* UIViewExt+.swift */; };
		F2E2F00D2558F81A00B12264 /* UIImageViewExt+.swift in Sources */ = {isa = PBXBuildFile; fileRef = F2E2F00C2558F81A00B12264 /* UIImageViewExt+.swift */; };
		F2E2F0112559C92500B12264 /* FirstPuzzleModel.swift in Sources */ = {isa = PBXBuildFile; fileRef = F2E2F0102559C92500B12264 /* FirstPuzzleModel.swift */; };
/* End PBXBuildFile section */

/* Begin PBXFileReference section */
		F225EC7A25E57C1700370DE8 /* ForHuaRongTrail.entitlements */ = {isa = PBXFileReference; lastKnownFileType = text.plist.entitlements; path = ForHuaRongTrail.entitlements; sourceTree = "<group>"; };
		F26163D725565D9700542751 /* ForHuaRongTrail.app */ = {isa = PBXFileReference; explicitFileType = wrapper.application; includeInIndex = 0; path = ForHuaRongTrail.app; sourceTree = BUILT_PRODUCTS_DIR; };
		F26163DA25565D9700542751 /* AppDelegate.swift */ = {isa = PBXFileReference; lastKnownFileType = sourcecode.swift; path = AppDelegate.swift; sourceTree = "<group>"; };
		F26163DC25565D9700542751 /* SceneDelegate.swift */ = {isa = PBXFileReference; lastKnownFileType = sourcecode.swift; path = SceneDelegate.swift; sourceTree = "<group>"; };
		F26163DE25565D9700542751 /* FirstPuzzleViewController.swift */ = {isa = PBXFileReference; lastKnownFileType = sourcecode.swift; path = FirstPuzzleViewController.swift; sourceTree = "<group>"; };
		F26163E125565D9700542751 /* Base */ = {isa = PBXFileReference; lastKnownFileType = file.storyboard; name = Base; path = Base.lproj/Main.storyboard; sourceTree = "<group>"; };
		F26163E325565D9800542751 /* Assets.xcassets */ = {isa = PBXFileReference; lastKnownFileType = folder.assetcatalog; path = Assets.xcassets; sourceTree = "<group>"; };
		F26163E625565D9800542751 /* Base */ = {isa = PBXFileReference; lastKnownFileType = file.storyboard; name = Base; path = Base.lproj/LaunchScreen.storyboard; sourceTree = "<group>"; };
		F26163E825565D9800542751 /* Info.plist */ = {isa = PBXFileReference; lastKnownFileType = text.plist.xml; path = Info.plist; sourceTree = "<group>"; };
		F26163F425565E0200542751 /* FirstPuzzleViewModel.swift */ = {isa = PBXFileReference; lastKnownFileType = sourcecode.swift; path = FirstPuzzleViewModel.swift; sourceTree = "<group>"; };
		F27AE767255B139100F10E06 /* UIViewExt+.swift */ = {isa = PBXFileReference; lastKnownFileType = sourcecode.swift; path = "UIViewExt+.swift"; sourceTree = "<group>"; };
		F2E2F00C2558F81A00B12264 /* UIImageViewExt+.swift */ = {isa = PBXFileReference; lastKnownFileType = sourcecode.swift; path = "UIImageViewExt+.swift"; sourceTree = "<group>"; };
		F2E2F0102559C92500B12264 /* FirstPuzzleModel.swift */ = {isa = PBXFileReference; lastKnownFileType = sourcecode.swift; path = FirstPuzzleModel.swift; sourceTree = "<group>"; };
/* End PBXFileReference section */

/* Begin PBXFrameworksBuildPhase section */
		F26163D425565D9700542751 /* Frameworks */ = {
			isa = PBXFrameworksBuildPhase;
			buildActionMask = 2147483647;
			files = (
			);
			runOnlyForDeploymentPostprocessing = 0;
		};
/* End PBXFrameworksBuildPhase section */

/* Begin PBXGroup section */
		F26163CE25565D9700542751 = {
			isa = PBXGroup;
			children = (
				F26163D925565D9700542751 /* ForHuaRongTrail */,
				F26163D825565D9700542751 /* Products */,
			);
			sourceTree = "<group>";
		};
		F26163D825565D9700542751 /* Products */ = {
			isa = PBXGroup;
			children = (
				F26163D725565D9700542751 /* ForHuaRongTrail.app */,
			);
			name = Products;
			sourceTree = "<group>";
		};
		F26163D925565D9700542751 /* ForHuaRongTrail */ = {
			isa = PBXGroup;
			children = (
				F225EC7A25E57C1700370DE8 /* ForHuaRongTrail.entitlements */,
				F2E2F00B2558F80100B12264 /* Comman */,
				F26163EF25565D9C00542751 /* Screens */,
				F26163DA25565D9700542751 /* AppDelegate.swift */,
				F26163DC25565D9700542751 /* SceneDelegate.swift */,
				F26163E025565D9700542751 /* Main.storyboard */,
				F26163E325565D9800542751 /* Assets.xcassets */,
				F26163E525565D9800542751 /* LaunchScreen.storyboard */,
				F26163E825565D9800542751 /* Info.plist */,
			);
			path = ForHuaRongTrail;
			sourceTree = "<group>";
		};
		F26163EF25565D9C00542751 /* Screens */ = {
			isa = PBXGroup;
			children = (
				F26163F125565DAD00542751 /* FirstPuzzle */,
			);
			path = Screens;
			sourceTree = "<group>";
		};
		F26163F125565DAD00542751 /* FirstPuzzle */ = {
			isa = PBXGroup;
			children = (
				F2E2F00F2559C91500B12264 /* Model */,
				F26163F325565DDB00542751 /* Controller */,
				F26163F225565DD400542751 /* ViewModel */,
			);
			path = FirstPuzzle;
			sourceTree = "<group>";
		};
		F26163F225565DD400542751 /* ViewModel */ = {
			isa = PBXGroup;
			children = (
				F26163F425565E0200542751 /* FirstPuzzleViewModel.swift */,
			);
			path = ViewModel;
			sourceTree = "<group>";
		};
		F26163F325565DDB00542751 /* Controller */ = {
			isa = PBXGroup;
			children = (
				F26163DE25565D9700542751 /* FirstPuzzleViewController.swift */,
			);
			path = Controller;
			sourceTree = "<group>";
		};
		F2E2F00B2558F80100B12264 /* Comman */ = {
			isa = PBXGroup;
			children = (
				F2E2F00C2558F81A00B12264 /* UIImageViewExt+.swift */,
				F27AE767255B139100F10E06 /* UIViewExt+.swift */,
			);
			path = Comman;
			sourceTree = "<group>";
		};
		F2E2F00F2559C91500B12264 /* Model */ = {
			isa = PBXGroup;
			children = (
				F2E2F0102559C92500B12264 /* FirstPuzzleModel.swift */,
			);
			path = Model;
			sourceTree = "<group>";
		};
/* End PBXGroup section */

/* Begin PBXNativeTarget section */
		F26163D625565D9700542751 /* ForHuaRongTrail */ = {
			isa = PBXNativeTarget;
			buildConfigurationList = F26163EB25565D9800542751 /* Build configuration list for PBXNativeTarget "ForHuaRongTrail" */;
			buildPhases = (
				F26163D325565D9700542751 /* Sources */,
				F26163D425565D9700542751 /* Frameworks */,
				F26163D525565D9700542751 /* Resources */,
			);
			buildRules = (
			);
			dependencies = (
			);
			name = ForHuaRongTrail;
			productName = ForHuaRongTrail;
			productReference = F26163D725565D9700542751 /* ForHuaRongTrail.app */;
			productType = "com.apple.product-type.application";
		};
/* End PBXNativeTarget section */

/* Begin PBXProject section */
		F26163CF25565D9700542751 /* Project object */ = {
			isa = PBXProject;
			attributes = {
				LastSwiftUpdateCheck = 1210;
				LastUpgradeCheck = 1210;
				TargetAttributes = {
					F26163D625565D9700542751 = {
						CreatedOnToolsVersion = 12.1;
					};
				};
			};
			buildConfigurationList = F26163D225565D9700542751 /* Build configuration list for PBXProject "ForHuaRongTrail" */;
			compatibilityVersion = "Xcode 9.3";
			developmentRegion = en;
			hasScannedForEncodings = 0;
			knownRegions = (
				en,
				Base,
			);
			mainGroup = F26163CE25565D9700542751;
			productRefGroup = F26163D825565D9700542751 /* Products */;
			projectDirPath = "";
			projectRoot = "";
			targets = (
				F26163D625565D9700542751 /* ForHuaRongTrail */,
			);
		};
/* End PBXProject section */

/* Begin PBXResourcesBuildPhase section */
		F26163D525565D9700542751 /* Resources */ = {
			isa = PBXResourcesBuildPhase;
			buildActionMask = 2147483647;
			files = (
				F26163E725565D9800542751 /* LaunchScreen.storyboard in Resources */,
				F26163E425565D9800542751 /* Assets.xcassets in Resources */,
				F26163E225565D9700542751 /* Main.storyboard in Resources */,
			);
			runOnlyForDeploymentPostprocessing = 0;
		};
/* End PBXResourcesBuildPhase section */

/* Begin PBXSourcesBuildPhase section */
		F26163D325565D9700542751 /* Sources */ = {
			isa = PBXSourcesBuildPhase;
			buildActionMask = 2147483647;
			files = (
				F26163DF25565D9700542751 /* FirstPuzzleViewController.swift in Sources */,
				F26163DB25565D9700542751 /* AppDelegate.swift in Sources */,
				F27AE768255B139100F10E06 /* UIViewExt+.swift in Sources */,
				F2E2F0112559C92500B12264 /* FirstPuzzleModel.swift in Sources */,
				F26163DD25565D9700542751 /* SceneDelegate.swift in Sources */,
				F2E2F00D2558F81A00B12264 /* UIImageViewExt+.swift in Sources */,
				F26163F525565E0200542751 /* FirstPuzzleViewModel.swift in Sources */,
			);
			runOnlyForDeploymentPostprocessing = 0;
		};
/* End PBXSourcesBuildPhase section */

/* Begin PBXVariantGroup section */
		F26163E025565D9700542751 /* Main.storyboard */ = {
			isa = PBXVariantGroup;
			children = (
				F26163E125565D9700542751 /* Base */,
			);
			name = Main.storyboard;
			sourceTree = "<group>";
		};
		F26163E525565D9800542751 /* LaunchScreen.storyboard */ = {
			isa = PBXVariantGroup;
			children = (
				F26163E625565D9800542751 /* Base */,
			);
			name = LaunchScreen.storyboard;
			sourceTree = "<group>";
		};
/* End PBXVariantGroup section */

/* Begin XCBuildConfiguration section */
		F26163E925565D9800542751 /* Debug */ = {
			isa = XCBuildConfiguration;
			buildSettings = {
				ALWAYS_SEARCH_USER_PATHS = NO;
				CLANG_ANALYZER_NONNULL = YES;
				CLANG_ANALYZER_NUMBER_OBJECT_CONVERSION = YES_AGGRESSIVE;
				CLANG_CXX_LANGUAGE_STANDARD = "gnu++14";
				CLANG_CXX_LIBRARY = "libc++";
				CLANG_ENABLE_MODULES = YES;
				CLANG_ENABLE_OBJC_ARC = YES;
				CLANG_ENABLE_OBJC_WEAK = YES;
				CLANG_WARN_BLOCK_CAPTURE_AUTORELEASING = YES;
				CLANG_WARN_BOOL_CONVERSION = YES;
				CLANG_WARN_COMMA = YES;
				CLANG_WARN_CONSTANT_CONVERSION = YES;
				CLANG_WARN_DEPRECATED_OBJC_IMPLEMENTATIONS = YES;
				CLANG_WARN_DIRECT_OBJC_ISA_USAGE = YES_ERROR;
				CLANG_WARN_DOCUMENTATION_COMMENTS = YES;
				CLANG_WARN_EMPTY_BODY = YES;
				CLANG_WARN_ENUM_CONVERSION = YES;
				CLANG_WARN_INFINITE_RECURSION = YES;
				CLANG_WARN_INT_CONVERSION = YES;
				CLANG_WARN_NON_LITERAL_NULL_CONVERSION = YES;
				CLANG_WARN_OBJC_IMPLICIT_RETAIN_SELF = YES;
				CLANG_WARN_OBJC_LITERAL_CONVERSION = YES;
				CLANG_WARN_OBJC_ROOT_CLASS = YES_ERROR;
				CLANG_WARN_QUOTED_INCLUDE_IN_FRAMEWORK_HEADER = YES;
				CLANG_WARN_RANGE_LOOP_ANALYSIS = YES;
				CLANG_WARN_STRICT_PROTOTYPES = YES;
				CLANG_WARN_SUSPICIOUS_MOVE = YES;
				CLANG_WARN_UNGUARDED_AVAILABILITY = YES_AGGRESSIVE;
				CLANG_WARN_UNREACHABLE_CODE = YES;
				CLANG_WARN__DUPLICATE_METHOD_MATCH = YES;
				COPY_PHASE_STRIP = NO;
				DEBUG_INFORMATION_FORMAT = dwarf;
				ENABLE_STRICT_OBJC_MSGSEND = YES;
				ENABLE_TESTABILITY = YES;
				GCC_C_LANGUAGE_STANDARD = gnu11;
				GCC_DYNAMIC_NO_PIC = NO;
				GCC_NO_COMMON_BLOCKS = YES;
				GCC_OPTIMIZATION_LEVEL = 0;
				GCC_PREPROCESSOR_DEFINITIONS = (
					"DEBUG=1",
					"$(inherited)",
				);
				GCC_WARN_64_TO_32_BIT_CONVERSION = YES;
				GCC_WARN_ABOUT_RETURN_TYPE = YES_ERROR;
				GCC_WARN_UNDECLARED_SELECTOR = YES;
				GCC_WARN_UNINITIALIZED_AUTOS = YES_AGGRESSIVE;
				GCC_WARN_UNUSED_FUNCTION = YES;
				GCC_WARN_UNUSED_VARIABLE = YES;
				IPHONEOS_DEPLOYMENT_TARGET = 14.1;
				MTL_ENABLE_DEBUG_INFO = INCLUDE_SOURCE;
				MTL_FAST_MATH = YES;
				ONLY_ACTIVE_ARCH = YES;
				SDKROOT = iphoneos;
				SWIFT_ACTIVE_COMPILATION_CONDITIONS = DEBUG;
				SWIFT_OPTIMIZATION_LEVEL = "-Onone";
			};
			name = Debug;
		};
		F26163EA25565D9800542751 /* Release */ = {
			isa = XCBuildConfiguration;
			buildSettings = {
				ALWAYS_SEARCH_USER_PATHS = NO;
				CLANG_ANALYZER_NONNULL = YES;
				CLANG_ANALYZER_NUMBER_OBJECT_CONVERSION = YES_AGGRESSIVE;
				CLANG_CXX_LANGUAGE_STANDARD = "gnu++14";
				CLANG_CXX_LIBRARY = "libc++";
				CLANG_ENABLE_MODULES = YES;
				CLANG_ENABLE_OBJC_ARC = YES;
				CLANG_ENABLE_OBJC_WEAK = YES;
				CLANG_WARN_BLOCK_CAPTURE_AUTORELEASING = YES;
				CLANG_WARN_BOOL_CONVERSION = YES;
				CLANG_WARN_COMMA = YES;
				CLANG_WARN_CONSTANT_CONVERSION = YES;
				CLANG_WARN_DEPRECATED_OBJC_IMPLEMENTATIONS = YES;
				CLANG_WARN_DIRECT_OBJC_ISA_USAGE = YES_ERROR;
				CLANG_WARN_DOCUMENTATION_COMMENTS = YES;
				CLANG_WARN_EMPTY_BODY = YES;
				CLANG_WARN_ENUM_CONVERSION = YES;
				CLANG_WARN_INFINITE_RECURSION = YES;
				CLANG_WARN_INT_CONVERSION = YES;
				CLANG_WARN_NON_LITERAL_NULL_CONVERSION = YES;
				CLANG_WARN_OBJC_IMPLICIT_RETAIN_SELF = YES;
				CLANG_WARN_OBJC_LITERAL_CONVERSION = YES;
				CLANG_WARN_OBJC_ROOT_CLASS = YES_ERROR;
				CLANG_WARN_QUOTED_INCLUDE_IN_FRAMEWORK_HEADER = YES;
				CLANG_WARN_RANGE_LOOP_ANALYSIS = YES;
				CLANG_WARN_STRICT_PROTOTYPES = YES;
				CLANG_WARN_SUSPICIOUS_MOVE = YES;
				CLANG_WARN_UNGUARDED_AVAILABILITY = YES_AGGRESSIVE;
				CLANG_WARN_UNREACHABLE_CODE = YES;
				CLANG_WARN__DUPLICATE_METHOD_MATCH = YES;
				COPY_PHASE_STRIP = NO;
				DEBUG_INFORMATION_FORMAT = "dwarf-with-dsym";
				ENABLE_NS_ASSERTIONS = NO;
				ENABLE_STRICT_OBJC_MSGSEND = YES;
				GCC_C_LANGUAGE_STANDARD = gnu11;
				GCC_NO_COMMON_BLOCKS = YES;
				GCC_WARN_64_TO_32_BIT_CONVERSION = YES;
				GCC_WARN_ABOUT_RETURN_TYPE = YES_ERROR;
				GCC_WARN_UNDECLARED_SELECTOR = YES;
				GCC_WARN_UNINITIALIZED_AUTOS = YES_AGGRESSIVE;
				GCC_WARN_UNUSED_FUNCTION = YES;
				GCC_WARN_UNUSED_VARIABLE = YES;
				IPHONEOS_DEPLOYMENT_TARGET = 14.1;
				MTL_ENABLE_DEBUG_INFO = NO;
				MTL_FAST_MATH = YES;
				SDKROOT = iphoneos;
				SWIFT_COMPILATION_MODE = wholemodule;
				SWIFT_OPTIMIZATION_LEVEL = "-O";
				VALIDATE_PRODUCT = YES;
			};
			name = Release;
		};
		F26163EC25565D9800542751 /* Debug */ = {
			isa = XCBuildConfiguration;
			buildSettings = {
				ASSETCATALOG_COMPILER_APPICON_NAME = AppIcon;
				ASSETCATALOG_COMPILER_GLOBAL_ACCENT_COLOR_NAME = AccentColor;
				CODE_SIGN_ENTITLEMENTS = ForHuaRongTrail/ForHuaRongTrail.entitlements;
				CODE_SIGN_STYLE = Automatic;
				DEVELOPMENT_TEAM = 7GVZPRCFHJ;
				INFOPLIST_FILE = ForHuaRongTrail/Info.plist;
				LD_RUNPATH_SEARCH_PATHS = (
					"$(inherited)",
					"@executable_path/Frameworks",
				);
				PRODUCT_BUNDLE_IDENTIFIER = "John-Li.ForHuaRongTrail";
				PRODUCT_NAME = "$(TARGET_NAME)";
				SWIFT_VERSION = 5.0;
				TARGETED_DEVICE_FAMILY = "1,2";
			};
			name = Debug;
		};
		F26163ED25565D9800542751 /* Release */ = {
			isa = XCBuildConfiguration;
			buildSettings = {
				ASSETCATALOG_COMPILER_APPICON_NAME = AppIcon;
				ASSETCATALOG_COMPILER_GLOBAL_ACCENT_COLOR_NAME = AccentColor;
				CODE_SIGN_ENTITLEMENTS = ForHuaRongTrail/ForHuaRongTrail.entitlements;
				CODE_SIGN_STYLE = Automatic;
				DEVELOPMENT_TEAM = 7GVZPRCFHJ;
				INFOPLIST_FILE = ForHuaRongTrail/Info.plist;
				LD_RUNPATH_SEARCH_PATHS = (
					"$(inherited)",
					"@executable_path/Frameworks",
				);
				PRODUCT_BUNDLE_IDENTIFIER = "John-Li.ForHuaRongTrail";
				PRODUCT_NAME = "$(TARGET_NAME)";
				SWIFT_VERSION = 5.0;
				TARGETED_DEVICE_FAMILY = "1,2";
			};
			name = Release;
		};
/* End XCBuildConfiguration section */

/* Begin XCConfigurationList section */
		F26163D225565D9700542751 /* Build configuration list for PBXProject "ForHuaRongTrail" */ = {
			isa = XCConfigurationList;
			buildConfigurations = (
				F26163E925565D9800542751 /* Debug */,
				F26163EA25565D9800542751 /* Release */,
			);
			defaultConfigurationIsVisible = 0;
			defaultConfigurationName = Release;
		};
		F26163EB25565D9800542751 /* Build configuration list for PBXNativeTarget "ForHuaRongTrail" */ = {
			isa = XCConfigurationList;
			buildConfigurations = (
				F26163EC25565D9800542751 /* Debug */,
				F26163ED25565D9800542751 /* Release */,
			);
			defaultConfigurationIsVisible = 0;
			defaultConfigurationName = Release;
		};
/* End XCConfigurationList section */
	};
	rootObject = F26163CF25565D9700542751 /* Project object */;
}
